// !$*UTF8*$!
{
	archiveVersion = 1;
	classes = {
	};
	objectVersion = 46;
	objects = {

/* Begin PBXBuildFile section */
		70B18ABD1B7CBD3900FEB474 /* SwiftDataStructures.h in Headers */ = {isa = PBXBuildFile; fileRef = 70B18ABC1B7CBD3900FEB474 /* SwiftDataStructures.h */; settings = {ATTRIBUTES = (Public, ); }; };
		70B18AC41B7CBD3900FEB474 /* SwiftDataStructures.framework in Frameworks */ = {isa = PBXBuildFile; fileRef = 70B18AB91B7CBD3900FEB474 /* SwiftDataStructures.framework */; };
		70B18AD81B7CBD4F00FEB474 /* Deque.swift in Sources */ = {isa = PBXBuildFile; fileRef = 70B18AD31B7CBD4F00FEB474 /* Deque.swift */; };
		70B18AD91B7CBD4F00FEB474 /* DequeSlice.swift in Sources */ = {isa = PBXBuildFile; fileRef = 70B18AD41B7CBD4F00FEB474 /* DequeSlice.swift */; };
		70B18ADA1B7CBD4F00FEB474 /* Stack.swift in Sources */ = {isa = PBXBuildFile; fileRef = 70B18AD51B7CBD4F00FEB474 /* Stack.swift */; };
		70B18ADB1B7CBD4F00FEB474 /* StackIndex.swift in Sources */ = {isa = PBXBuildFile; fileRef = 70B18AD61B7CBD4F00FEB474 /* StackIndex.swift */; };
		70B18ADC1B7CBD4F00FEB474 /* StackSlice.swift in Sources */ = {isa = PBXBuildFile; fileRef = 70B18AD71B7CBD4F00FEB474 /* StackSlice.swift */; };
		70B18AE21B7CBD6A00FEB474 /* DequeSliceTests.swift in Sources */ = {isa = PBXBuildFile; fileRef = 70B18ADD1B7CBD6A00FEB474 /* DequeSliceTests.swift */; };
		70B18AE31B7CBD6A00FEB474 /* DequeTests.swift in Sources */ = {isa = PBXBuildFile; fileRef = 70B18ADE1B7CBD6A00FEB474 /* DequeTests.swift */; };
		70B18AE41B7CBD6A00FEB474 /* StackIndexTests.swift in Sources */ = {isa = PBXBuildFile; fileRef = 70B18ADF1B7CBD6A00FEB474 /* StackIndexTests.swift */; };
		70B18AE51B7CBD6A00FEB474 /* StackSliceTests.swift in Sources */ = {isa = PBXBuildFile; fileRef = 70B18AE01B7CBD6A00FEB474 /* StackSliceTests.swift */; };
		70B18AE61B7CBD6A00FEB474 /* StackTests.swift in Sources */ = {isa = PBXBuildFile; fileRef = 70B18AE11B7CBD6A00FEB474 /* StackTests.swift */; };
		70B18AEF1B7CBFF300FEB474 /* List.swift in Sources */ = {isa = PBXBuildFile; fileRef = 70B18AE91B7CBFF300FEB474 /* List.swift */; };
		70B18AFB1B7CC00600FEB474 /* ListTests.swift in Sources */ = {isa = PBXBuildFile; fileRef = 70B18AF51B7CC00600FEB474 /* ListTests.swift */; };
		70B18B001B7CDC8200FEB474 /* Trie.swift in Sources */ = {isa = PBXBuildFile; fileRef = 70B18AFF1B7CDC8200FEB474 /* Trie.swift */; };
		70B18B021B7CDC9600FEB474 /* TrieTests.swift in Sources */ = {isa = PBXBuildFile; fileRef = 70B18B011B7CDC9600FEB474 /* TrieTests.swift */; };
		70DA1B481B8505B300E812B7 /* Tree.swift in Sources */ = {isa = PBXBuildFile; fileRef = 70DA1B471B8505B300E812B7 /* Tree.swift */; };
		70DA1B4A1B8505D000E812B7 /* TreeTests.swift in Sources */ = {isa = PBXBuildFile; fileRef = 70DA1B491B8505D000E812B7 /* TreeTests.swift */; };
		70DA1B4C1B8534C600E812B7 /* SetType.swift in Sources */ = {isa = PBXBuildFile; fileRef = 70DA1B4B1B8534C600E812B7 /* SetType.swift */; };
/* End PBXBuildFile section */

/* Begin PBXContainerItemProxy section */
		70B18AC51B7CBD3900FEB474 /* PBXContainerItemProxy */ = {
			isa = PBXContainerItemProxy;
			containerPortal = 70B18AB01B7CBD3900FEB474 /* Project object */;
			proxyType = 1;
			remoteGlobalIDString = 70B18AB81B7CBD3900FEB474;
			remoteInfo = SwiftDataStructures;
		};
/* End PBXContainerItemProxy section */

/* Begin PBXFileReference section */
		70B18AB91B7CBD3900FEB474 /* SwiftDataStructures.framework */ = {isa = PBXFileReference; explicitFileType = wrapper.framework; includeInIndex = 0; path = SwiftDataStructures.framework; sourceTree = BUILT_PRODUCTS_DIR; };
		70B18ABC1B7CBD3900FEB474 /* SwiftDataStructures.h */ = {isa = PBXFileReference; lastKnownFileType = sourcecode.c.h; path = SwiftDataStructures.h; sourceTree = "<group>"; };
		70B18ABE1B7CBD3900FEB474 /* Info.plist */ = {isa = PBXFileReference; lastKnownFileType = text.plist.xml; path = Info.plist; sourceTree = "<group>"; };
		70B18AC31B7CBD3900FEB474 /* SwiftDataStructuresTests.xctest */ = {isa = PBXFileReference; explicitFileType = wrapper.cfbundle; includeInIndex = 0; path = SwiftDataStructuresTests.xctest; sourceTree = BUILT_PRODUCTS_DIR; };
		70B18ACA1B7CBD3900FEB474 /* Info.plist */ = {isa = PBXFileReference; lastKnownFileType = text.plist.xml; path = Info.plist; sourceTree = "<group>"; };
		70B18AD31B7CBD4F00FEB474 /* Deque.swift */ = {isa = PBXFileReference; fileEncoding = 4; lastKnownFileType = sourcecode.swift; path = Deque.swift; sourceTree = "<group>"; };
		70B18AD41B7CBD4F00FEB474 /* DequeSlice.swift */ = {isa = PBXFileReference; fileEncoding = 4; lastKnownFileType = sourcecode.swift; path = DequeSlice.swift; sourceTree = "<group>"; };
		70B18AD51B7CBD4F00FEB474 /* Stack.swift */ = {isa = PBXFileReference; fileEncoding = 4; lastKnownFileType = sourcecode.swift; path = Stack.swift; sourceTree = "<group>"; };
		70B18AD61B7CBD4F00FEB474 /* StackIndex.swift */ = {isa = PBXFileReference; fileEncoding = 4; lastKnownFileType = sourcecode.swift; path = StackIndex.swift; sourceTree = "<group>"; };
		70B18AD71B7CBD4F00FEB474 /* StackSlice.swift */ = {isa = PBXFileReference; fileEncoding = 4; lastKnownFileType = sourcecode.swift; path = StackSlice.swift; sourceTree = "<group>"; };
		70B18ADD1B7CBD6A00FEB474 /* DequeSliceTests.swift */ = {isa = PBXFileReference; fileEncoding = 4; lastKnownFileType = sourcecode.swift; path = DequeSliceTests.swift; sourceTree = "<group>"; };
		70B18ADE1B7CBD6A00FEB474 /* DequeTests.swift */ = {isa = PBXFileReference; fileEncoding = 4; lastKnownFileType = sourcecode.swift; path = DequeTests.swift; sourceTree = "<group>"; };
		70B18ADF1B7CBD6A00FEB474 /* StackIndexTests.swift */ = {isa = PBXFileReference; fileEncoding = 4; lastKnownFileType = sourcecode.swift; path = StackIndexTests.swift; sourceTree = "<group>"; };
		70B18AE01B7CBD6A00FEB474 /* StackSliceTests.swift */ = {isa = PBXFileReference; fileEncoding = 4; lastKnownFileType = sourcecode.swift; path = StackSliceTests.swift; sourceTree = "<group>"; };
		70B18AE11B7CBD6A00FEB474 /* StackTests.swift */ = {isa = PBXFileReference; fileEncoding = 4; lastKnownFileType = sourcecode.swift; path = StackTests.swift; sourceTree = "<group>"; };
		70B18AE91B7CBFF300FEB474 /* List.swift */ = {isa = PBXFileReference; fileEncoding = 4; lastKnownFileType = sourcecode.swift; path = List.swift; sourceTree = "<group>"; };
		70B18AF51B7CC00600FEB474 /* ListTests.swift */ = {isa = PBXFileReference; fileEncoding = 4; lastKnownFileType = sourcecode.swift; path = ListTests.swift; sourceTree = "<group>"; };
		70B18AFF1B7CDC8200FEB474 /* Trie.swift */ = {isa = PBXFileReference; fileEncoding = 4; lastKnownFileType = sourcecode.swift; path = Trie.swift; sourceTree = "<group>"; };
		70B18B011B7CDC9600FEB474 /* TrieTests.swift */ = {isa = PBXFileReference; fileEncoding = 4; lastKnownFileType = sourcecode.swift; path = TrieTests.swift; sourceTree = "<group>"; };
		70DA1B471B8505B300E812B7 /* Tree.swift */ = {isa = PBXFileReference; fileEncoding = 4; lastKnownFileType = sourcecode.swift; path = Tree.swift; sourceTree = "<group>"; };
		70DA1B491B8505D000E812B7 /* TreeTests.swift */ = {isa = PBXFileReference; fileEncoding = 4; lastKnownFileType = sourcecode.swift; path = TreeTests.swift; sourceTree = "<group>"; };
		70DA1B4B1B8534C600E812B7 /* SetType.swift */ = {isa = PBXFileReference; fileEncoding = 4; lastKnownFileType = sourcecode.swift; path = SetType.swift; sourceTree = "<group>"; };
/* End PBXFileReference section */

/* Begin PBXFrameworksBuildPhase section */
		70B18AB51B7CBD3900FEB474 /* Frameworks */ = {
			isa = PBXFrameworksBuildPhase;
			buildActionMask = 2147483647;
			files = (
			);
			runOnlyForDeploymentPostprocessing = 0;
		};
		70B18AC01B7CBD3900FEB474 /* Frameworks */ = {
			isa = PBXFrameworksBuildPhase;
			buildActionMask = 2147483647;
			files = (
				70B18AC41B7CBD3900FEB474 /* SwiftDataStructures.framework in Frameworks */,
			);
			runOnlyForDeploymentPostprocessing = 0;
		};
/* End PBXFrameworksBuildPhase section */

/* Begin PBXGroup section */
		70B18AAF1B7CBD3900FEB474 = {
			isa = PBXGroup;
			children = (
				70B18ABB1B7CBD3900FEB474 /* SwiftDataStructures */,
				70B18AC71B7CBD3900FEB474 /* SwiftDataStructuresTests */,
				70B18ABA1B7CBD3900FEB474 /* Products */,
			);
			sourceTree = "<group>";
		};
		70B18ABA1B7CBD3900FEB474 /* Products */ = {
			isa = PBXGroup;
			children = (
				70B18AB91B7CBD3900FEB474 /* SwiftDataStructures.framework */,
				70B18AC31B7CBD3900FEB474 /* SwiftDataStructuresTests.xctest */,
			);
			name = Products;
			sourceTree = "<group>";
		};
		70B18ABB1B7CBD3900FEB474 /* SwiftDataStructures */ = {
			isa = PBXGroup;
			children = (
				70B18AD31B7CBD4F00FEB474 /* Deque.swift */,
				70B18AD41B7CBD4F00FEB474 /* DequeSlice.swift */,
				70B18AD51B7CBD4F00FEB474 /* Stack.swift */,
				70B18AD61B7CBD4F00FEB474 /* StackIndex.swift */,
				70B18AD71B7CBD4F00FEB474 /* StackSlice.swift */,
				70B18AE91B7CBFF300FEB474 /* List.swift */,
				70B18AFF1B7CDC8200FEB474 /* Trie.swift */,
				70DA1B471B8505B300E812B7 /* Tree.swift */,
				70DA1B4B1B8534C600E812B7 /* SetType.swift */,
				70B18ABC1B7CBD3900FEB474 /* SwiftDataStructures.h */,
				70B18ABE1B7CBD3900FEB474 /* Info.plist */,
			);
			path = SwiftDataStructures;
			sourceTree = "<group>";
		};
		70B18AC71B7CBD3900FEB474 /* SwiftDataStructuresTests */ = {
			isa = PBXGroup;
			children = (
				70B18ADD1B7CBD6A00FEB474 /* DequeSliceTests.swift */,
				70B18ADE1B7CBD6A00FEB474 /* DequeTests.swift */,
				70B18ADF1B7CBD6A00FEB474 /* StackIndexTests.swift */,
				70B18AE01B7CBD6A00FEB474 /* StackSliceTests.swift */,
				70B18AE11B7CBD6A00FEB474 /* StackTests.swift */,
				70B18AF51B7CC00600FEB474 /* ListTests.swift */,
				70B18B011B7CDC9600FEB474 /* TrieTests.swift */,
				70DA1B491B8505D000E812B7 /* TreeTests.swift */,
				70B18ACA1B7CBD3900FEB474 /* Info.plist */,
			);
			path = SwiftDataStructuresTests;
			sourceTree = "<group>";
		};
/* End PBXGroup section */

/* Begin PBXHeadersBuildPhase section */
		70B18AB61B7CBD3900FEB474 /* Headers */ = {
			isa = PBXHeadersBuildPhase;
			buildActionMask = 2147483647;
			files = (
				70B18ABD1B7CBD3900FEB474 /* SwiftDataStructures.h in Headers */,
			);
			runOnlyForDeploymentPostprocessing = 0;
		};
/* End PBXHeadersBuildPhase section */

/* Begin PBXNativeTarget section */
		70B18AB81B7CBD3900FEB474 /* SwiftDataStructures */ = {
			isa = PBXNativeTarget;
			buildConfigurationList = 70B18ACD1B7CBD3900FEB474 /* Build configuration list for PBXNativeTarget "SwiftDataStructures" */;
			buildPhases = (
				70B18AB41B7CBD3900FEB474 /* Sources */,
				70B18AB51B7CBD3900FEB474 /* Frameworks */,
				70B18AB61B7CBD3900FEB474 /* Headers */,
				70B18AB71B7CBD3900FEB474 /* Resources */,
			);
			buildRules = (
			);
			dependencies = (
			);
			name = SwiftDataStructures;
			productName = SwiftDataStructures;
			productReference = 70B18AB91B7CBD3900FEB474 /* SwiftDataStructures.framework */;
			productType = "com.apple.product-type.framework";
		};
		70B18AC21B7CBD3900FEB474 /* SwiftDataStructuresTests */ = {
			isa = PBXNativeTarget;
			buildConfigurationList = 70B18AD01B7CBD3900FEB474 /* Build configuration list for PBXNativeTarget "SwiftDataStructuresTests" */;
			buildPhases = (
				70B18ABF1B7CBD3900FEB474 /* Sources */,
				70B18AC01B7CBD3900FEB474 /* Frameworks */,
				70B18AC11B7CBD3900FEB474 /* Resources */,
			);
			buildRules = (
			);
			dependencies = (
				70B18AC61B7CBD3900FEB474 /* PBXTargetDependency */,
			);
			name = SwiftDataStructuresTests;
			productName = SwiftDataStructuresTests;
			productReference = 70B18AC31B7CBD3900FEB474 /* SwiftDataStructuresTests.xctest */;
			productType = "com.apple.product-type.bundle.unit-test";
		};
/* End PBXNativeTarget section */

/* Begin PBXProject section */
		70B18AB01B7CBD3900FEB474 /* Project object */ = {
			isa = PBXProject;
			attributes = {
				LastSwiftUpdateCheck = 0700;
				LastUpgradeCheck = 0700;
				ORGANIZATIONNAME = "Donnacha Oisín Kidney";
				TargetAttributes = {
					70B18AB81B7CBD3900FEB474 = {
						CreatedOnToolsVersion = 7.0;
					};
					70B18AC21B7CBD3900FEB474 = {
						CreatedOnToolsVersion = 7.0;
					};
				};
			};
			buildConfigurationList = 70B18AB31B7CBD3900FEB474 /* Build configuration list for PBXProject "SwiftDataStructures" */;
			compatibilityVersion = "Xcode 3.2";
			developmentRegion = English;
			hasScannedForEncodings = 0;
			knownRegions = (
				en,
			);
			mainGroup = 70B18AAF1B7CBD3900FEB474;
			productRefGroup = 70B18ABA1B7CBD3900FEB474 /* Products */;
			projectDirPath = "";
			projectRoot = "";
			targets = (
				70B18AB81B7CBD3900FEB474 /* SwiftDataStructures */,
				70B18AC21B7CBD3900FEB474 /* SwiftDataStructuresTests */,
			);
		};
/* End PBXProject section */

/* Begin PBXResourcesBuildPhase section */
		70B18AB71B7CBD3900FEB474 /* Resources */ = {
			isa = PBXResourcesBuildPhase;
			buildActionMask = 2147483647;
			files = (
			);
			runOnlyForDeploymentPostprocessing = 0;
		};
		70B18AC11B7CBD3900FEB474 /* Resources */ = {
			isa = PBXResourcesBuildPhase;
			buildActionMask = 2147483647;
			files = (
			);
			runOnlyForDeploymentPostprocessing = 0;
		};
/* End PBXResourcesBuildPhase section */

/* Begin PBXSourcesBuildPhase section */
		70B18AB41B7CBD3900FEB474 /* Sources */ = {
			isa = PBXSourcesBuildPhase;
			buildActionMask = 2147483647;
			files = (
				70B18ADB1B7CBD4F00FEB474 /* StackIndex.swift in Sources */,
				70B18ADA1B7CBD4F00FEB474 /* Stack.swift in Sources */,
				70B18AD81B7CBD4F00FEB474 /* Deque.swift in Sources */,
				70B18B001B7CDC8200FEB474 /* Trie.swift in Sources */,
				70B18ADC1B7CBD4F00FEB474 /* StackSlice.swift in Sources */,
				70DA1B4C1B8534C600E812B7 /* SetType.swift in Sources */,
				70DA1B481B8505B300E812B7 /* Tree.swift in Sources */,
				70B18AEF1B7CBFF300FEB474 /* List.swift in Sources */,
				70B18AD91B7CBD4F00FEB474 /* DequeSlice.swift in Sources */,
			);
			runOnlyForDeploymentPostprocessing = 0;
		};
		70B18ABF1B7CBD3900FEB474 /* Sources */ = {
			isa = PBXSourcesBuildPhase;
			buildActionMask = 2147483647;
			files = (
				70B18AE41B7CBD6A00FEB474 /* StackIndexTests.swift in Sources */,
				70B18AE31B7CBD6A00FEB474 /* DequeTests.swift in Sources */,
				70B18B021B7CDC9600FEB474 /* TrieTests.swift in Sources */,
				70B18AE51B7CBD6A00FEB474 /* StackSliceTests.swift in Sources */,
				70B18AE21B7CBD6A00FEB474 /* DequeSliceTests.swift in Sources */,
				70DA1B4A1B8505D000E812B7 /* TreeTests.swift in Sources */,
				70B18AFB1B7CC00600FEB474 /* ListTests.swift in Sources */,
				70B18AE61B7CBD6A00FEB474 /* StackTests.swift in Sources */,
			);
			runOnlyForDeploymentPostprocessing = 0;
		};
/* End PBXSourcesBuildPhase section */

/* Begin PBXTargetDependency section */
		70B18AC61B7CBD3900FEB474 /* PBXTargetDependency */ = {
			isa = PBXTargetDependency;
			target = 70B18AB81B7CBD3900FEB474 /* SwiftDataStructures */;
			targetProxy = 70B18AC51B7CBD3900FEB474 /* PBXContainerItemProxy */;
		};
/* End PBXTargetDependency section */

/* Begin XCBuildConfiguration section */
		70B18ACB1B7CBD3900FEB474 /* Debug */ = {
			isa = XCBuildConfiguration;
			buildSettings = {
				ALWAYS_SEARCH_USER_PATHS = NO;
				CLANG_CXX_LANGUAGE_STANDARD = "gnu++0x";
				CLANG_CXX_LIBRARY = "libc++";
				CLANG_ENABLE_MODULES = YES;
				CLANG_ENABLE_OBJC_ARC = YES;
				CLANG_WARN_BOOL_CONVERSION = YES;
				CLANG_WARN_CONSTANT_CONVERSION = YES;
				CLANG_WARN_DIRECT_OBJC_ISA_USAGE = YES_ERROR;
				CLANG_WARN_EMPTY_BODY = YES;
				CLANG_WARN_ENUM_CONVERSION = YES;
				CLANG_WARN_INT_CONVERSION = YES;
				CLANG_WARN_OBJC_ROOT_CLASS = YES_ERROR;
				CLANG_WARN_UNREACHABLE_CODE = YES;
				CLANG_WARN__DUPLICATE_METHOD_MATCH = YES;
				COPY_PHASE_STRIP = NO;
				CURRENT_PROJECT_VERSION = 1;
				DEBUG_INFORMATION_FORMAT = dwarf;
				ENABLE_STRICT_OBJC_MSGSEND = YES;
				ENABLE_TESTABILITY = YES;
				GCC_C_LANGUAGE_STANDARD = gnu99;
				GCC_DYNAMIC_NO_PIC = NO;
				GCC_NO_COMMON_BLOCKS = YES;
				GCC_OPTIMIZATION_LEVEL = 0;
				GCC_PREPROCESSOR_DEFINITIONS = (
					"DEBUG=1",
					"$(inherited)",
				);
				GCC_WARN_64_TO_32_BIT_CONVERSION = YES;
				GCC_WARN_ABOUT_RETURN_TYPE = YES_ERROR;
				GCC_WARN_UNDECLARED_SELECTOR = YES;
				GCC_WARN_UNINITIALIZED_AUTOS = YES_AGGRESSIVE;
				GCC_WARN_UNUSED_FUNCTION = YES;
				GCC_WARN_UNUSED_VARIABLE = YES;
				MACOSX_DEPLOYMENT_TARGET = 10.10;
				MTL_ENABLE_DEBUG_INFO = YES;
				ONLY_ACTIVE_ARCH = YES;
				SDKROOT = macosx;
				SWIFT_OPTIMIZATION_LEVEL = "-Onone";
				VERSIONING_SYSTEM = "apple-generic";
				VERSION_INFO_PREFIX = "";
			};
			name = Debug;
		};
		70B18ACC1B7CBD3900FEB474 /* Release */ = {
			isa = XCBuildConfiguration;
			buildSettings = {
				ALWAYS_SEARCH_USER_PATHS = NO;
				CLANG_CXX_LANGUAGE_STANDARD = "gnu++0x";
				CLANG_CXX_LIBRARY = "libc++";
				CLANG_ENABLE_MODULES = YES;
				CLANG_ENABLE_OBJC_ARC = YES;
				CLANG_WARN_BOOL_CONVERSION = YES;
				CLANG_WARN_CONSTANT_CONVERSION = YES;
				CLANG_WARN_DIRECT_OBJC_ISA_USAGE = YES_ERROR;
				CLANG_WARN_EMPTY_BODY = YES;
				CLANG_WARN_ENUM_CONVERSION = YES;
				CLANG_WARN_INT_CONVERSION = YES;
				CLANG_WARN_OBJC_ROOT_CLASS = YES_ERROR;
				CLANG_WARN_UNREACHABLE_CODE = YES;
				CLANG_WARN__DUPLICATE_METHOD_MATCH = YES;
				COPY_PHASE_STRIP = NO;
				CURRENT_PROJECT_VERSION = 1;
				DEBUG_INFORMATION_FORMAT = "dwarf-with-dsym";
				ENABLE_NS_ASSERTIONS = NO;
				ENABLE_STRICT_OBJC_MSGSEND = YES;
				GCC_C_LANGUAGE_STANDARD = gnu99;
				GCC_NO_COMMON_BLOCKS = YES;
				GCC_WARN_64_TO_32_BIT_CONVERSION = YES;
				GCC_WARN_ABOUT_RETURN_TYPE = YES_ERROR;
				GCC_WARN_UNDECLARED_SELECTOR = YES;
				GCC_WARN_UNINITIALIZED_AUTOS = YES_AGGRESSIVE;
				GCC_WARN_UNUSED_FUNCTION = YES;
				GCC_WARN_UNUSED_VARIABLE = YES;
				MACOSX_DEPLOYMENT_TARGET = 10.10;
				MTL_ENABLE_DEBUG_INFO = NO;
				SDKROOT = macosx;
				VERSIONING_SYSTEM = "apple-generic";
				VERSION_INFO_PREFIX = "";
			};
			name = Release;
		};
		70B18ACE1B7CBD3900FEB474 /* Debug */ = {
			isa = XCBuildConfiguration;
			buildSettings = {
				CLANG_ENABLE_MODULES = YES;
				COMBINE_HIDPI_IMAGES = YES;
				DEFINES_MODULE = YES;
				DYLIB_COMPATIBILITY_VERSION = 1;
				DYLIB_CURRENT_VERSION = 1;
				DYLIB_INSTALL_NAME_BASE = "@rpath";
				FRAMEWORK_VERSION = A;
				INFOPLIST_FILE = SwiftDataStructures/Info.plist;
				INSTALL_PATH = "$(LOCAL_LIBRARY_DIR)/Frameworks";
				LD_RUNPATH_SEARCH_PATHS = "$(inherited) @executable_path/../Frameworks @loader_path/Frameworks";
				PRODUCT_BUNDLE_IDENTIFIER = donnacha.oisin.kidney.SwiftDataStructures;
				PRODUCT_NAME = "$(TARGET_NAME)";
				SKIP_INSTALL = YES;
				SWIFT_OPTIMIZATION_LEVEL = "-Onone";
			};
			name = Debug;
		};
		70B18ACF1B7CBD3900FEB474 /* Release */ = {
			isa = XCBuildConfiguration;
			buildSettings = {
				CLANG_ENABLE_MODULES = YES;
				COMBINE_HIDPI_IMAGES = YES;
				DEFINES_MODULE = YES;
				DYLIB_COMPATIBILITY_VERSION = 1;
				DYLIB_CURRENT_VERSION = 1;
				DYLIB_INSTALL_NAME_BASE = "@rpath";
				FRAMEWORK_VERSION = A;
				INFOPLIST_FILE = SwiftDataStructures/Info.plist;
				INSTALL_PATH = "$(LOCAL_LIBRARY_DIR)/Frameworks";
				LD_RUNPATH_SEARCH_PATHS = "$(inherited) @executable_path/../Frameworks @loader_path/Frameworks";
				PRODUCT_BUNDLE_IDENTIFIER = donnacha.oisin.kidney.SwiftDataStructures;
				PRODUCT_NAME = "$(TARGET_NAME)";
				SKIP_INSTALL = YES;
				SWIFT_OPTIMIZATION_LEVEL = "-Owholemodule";
			};
			name = Release;
		};
		70B18AD11B7CBD3900FEB474 /* Debug */ = {
			isa = XCBuildConfiguration;
			buildSettings = {
				COMBINE_HIDPI_IMAGES = YES;
				INFOPLIST_FILE = SwiftDataStructuresTests/Info.plist;
				LD_RUNPATH_SEARCH_PATHS = "$(inherited) @executable_path/../Frameworks @loader_path/../Frameworks";
				PRODUCT_BUNDLE_IDENTIFIER = donnacha.oisin.kidney.SwiftDataStructuresTests;
				PRODUCT_NAME = "$(TARGET_NAME)";
			};
			name = Debug;
		};
		70B18AD21B7CBD3900FEB474 /* Release */ = {
			isa = XCBuildConfiguration;
			buildSettings = {
				COMBINE_HIDPI_IMAGES = YES;
				INFOPLIST_FILE = SwiftDataStructuresTests/Info.plist;
				LD_RUNPATH_SEARCH_PATHS = "$(inherited) @executable_path/../Frameworks @loader_path/../Frameworks";
				PRODUCT_BUNDLE_IDENTIFIER = donnacha.oisin.kidney.SwiftDataStructuresTests;
				PRODUCT_NAME = "$(TARGET_NAME)";
			};
			name = Release;
		};
/* End XCBuildConfiguration section */

/* Begin XCConfigurationList section */
		70B18AB31B7CBD3900FEB474 /* Build configuration list for PBXProject "SwiftDataStructures" */ = {
			isa = XCConfigurationList;
			buildConfigurations = (
				70B18ACB1B7CBD3900FEB474 /* Debug */,
				70B18ACC1B7CBD3900FEB474 /* Release */,
			);
			defaultConfigurationIsVisible = 0;
			defaultConfigurationName = Release;
		};
		70B18ACD1B7CBD3900FEB474 /* Build configuration list for PBXNativeTarget "SwiftDataStructures" */ = {
			isa = XCConfigurationList;
			buildConfigurations = (
				70B18ACE1B7CBD3900FEB474 /* Debug */,
				70B18ACF1B7CBD3900FEB474 /* Release */,
			);
			defaultConfigurationIsVisible = 0;
			defaultConfigurationName = Release;
		};
		70B18AD01B7CBD3900FEB474 /* Build configuration list for PBXNativeTarget "SwiftDataStructuresTests" */ = {
			isa = XCConfigurationList;
			buildConfigurations = (
				70B18AD11B7CBD3900FEB474 /* Debug */,
				70B18AD21B7CBD3900FEB474 /* Release */,
			);
			defaultConfigurationIsVisible = 0;
			defaultConfigurationName = Release;
		};
/* End XCConfigurationList section */
	};
	rootObject = 70B18AB01B7CBD3900FEB474 /* Project object */;
}
